
Microsoft Visual Studio Solution File, Format Version 12.00
# Visual Studio Version 17
VisualStudioVersion = 17.8.34511.84
MinimumVisualStudioVersion = 10.0.40219.1
Project("{FAE04EC0-301F-11D3-BF4B-00C04F79EFBC}") = "ChessLogic", "ChessLogic\ChessLogic.csproj", "{6344246E-2153-4E04-AD3D-B50D790471B3}"
EndProject
Project("{FAE04EC0-301F-11D3-BF4B-00C04F79EFBC}") = "ChessUI", "ChessUI\ChessUI.csproj", "{0351ABA8-8225-4060-AB96-034E86DFD41B}"
EndProject
Global
	GlobalSection(SolutionConfigurationPlatforms) = preSolution
		Debug|Any CPU = Debug|Any CPU
		Release|Any CPU = Release|Any CPU
	EndGlobalSection
	GlobalSection(ProjectConfigurationPlatforms) = postSolution
		{6344246E-2153-4E04-AD3D-B50D790471B3}.Debug|Any CPU.ActiveCfg = Debug|Any CPU
		{6344246E-2153-4E04-AD3D-B50D790471B3}.Debug|Any CPU.Build.0 = Debug|Any CPU
		{6344246E-2153-4E04-AD3D-B50D790471B3}.Release|Any CPU.ActiveCfg = Release|Any CPU
		{6344246E-2153-4E04-AD3D-B50D790471B3}.Release|Any CPU.Build.0 = Release|Any CPU
		{0351ABA8-8225-4060-AB96-034E86DFD41B}.Debug|Any CPU.ActiveCfg = Debug|Any CPU
		{0351ABA8-8225-4060-AB96-034E86DFD41B}.Debug|Any CPU.Build.0 = Debug|Any CPU
		{0351ABA8-8225-4060-AB96-034E86DFD41B}.Release|Any CPU.ActiveCfg = Release|Any CPU
		{0351ABA8-8225-4060-AB96-034E86DFD41B}.Release|Any CPU.Build.0 = Release|Any CPU
	EndGlobalSection
	GlobalSection(SolutionProperties) = preSolution
		HideSolutionNode = FALSE
	EndGlobalSection
	GlobalSection(ExtensibilityGlobals) = postSolution
		SolutionGuid = {566154E6-2BCA-427A-8D7A-A573A5D7C072}
	EndGlobalSection
EndGlobal
